
Microsoft Visual Studio Solution File, Format Version 12.00
# Visual Studio Version 17
VisualStudioVersion = 17.0.32014.148
MinimumVisualStudioVersion = 10.0.40219.1
Project("{FAE04EC0-301F-11D3-BF4B-00C04F79EFBC}") = "OOPDemo02", "OOPDemo02\OOPDemo02.csproj", "{742E056C-0328-4490-9BAA-134191EF316F}"
EndProject
Global
	GlobalSection(SolutionConfigurationPlatforms) = preSolution
		Debug|Any CPU = Debug|Any CPU
		Release|Any CPU = Release|Any CPU
	EndGlobalSection
	GlobalSection(ProjectConfigurationPlatforms) = postSolution
		{742E056C-0328-4490-9BAA-134191EF316F}.Debug|Any CPU.ActiveCfg = Debug|Any CPU
		{742E056C-0328-4490-9BAA-134191EF316F}.Debug|Any CPU.Build.0 = Debug|Any CPU
		{742E056C-0328-4490-9BAA-134191EF316F}.Release|Any CPU.ActiveCfg = Release|Any CPU
		{742E056C-0328-4490-9BAA-134191EF316F}.Release|Any CPU.Build.0 = Release|Any CPU
	EndGlobalSection
	GlobalSection(SolutionProperties) = preSolution
		HideSolutionNode = FALSE
	EndGlobalSection
	GlobalSection(ExtensibilityGlobals) = postSolution
		SolutionGuid = {A2437FF1-4382-47B3-8D02-C48E6B9F8083}
	EndGlobalSection
EndGlobal
